{
  "name": ".opencode",
  "lockfileVersion": 3,
  "requires": true,
  "packages": {
    "": {
      "dependencies": {
        "@opencode-ai/plugin": "0.0.0-beta-202603220211"
      }
    },
    "node_modules/@opencode-ai/plugin": {
      "version": "0.0.0-beta-202603220211",
      "resolved": "https://registry.npmjs.org/@opencode-ai/plugin/-/plugin-0.0.0-beta-202603220211.tgz",
      "integrity": "sha512-cRSoNrIzL615iCmG0WiE5Sk1X/iGKJYESDkn5fyf2xnkx5grnoisakesGfMzlmt36t87v6gSD4NghtDN+pVebg==",
      "license": "MIT",
      "dependencies": {
        "@opencode-ai/sdk": "0.0.0-beta-202603220211",
        "zod": "4.1.8"
      }
    },
    "node_modules/@opencode-ai/sdk": {
      "version": "0.0.0-beta-202603220211",
      "resolved": "https://registry.npmjs.org/@opencode-ai/sdk/-/sdk-0.0.0-beta-202603220211.tgz",
      "integrity": "sha512-an40KXe2N100AE/xlG+xSTF/WwBHdkz1GMK/foN3k+0PROcFtb9Bkcyi3IpG+yzdned/AUX1klDroE5c9KpAIw==",
      "license": "MIT"
    },
    "node_modules/zod": {
      "version": "4.1.8",
      "license": "MIT",
      "funding": {
        "url": "https://github.com/sponsors/colinhacks"
      }
    }
  }
}
